// !$*UTF8*$!
{
	archiveVersion = 1;
	classes = {
	};
	objectVersion = 55;
	objects = {

/* Begin PBXBuildFile section */
		A433474F284C62C5002B43DC /* AppDelegate.swift in Sources */ = {isa = PBXBuildFile; fileRef = A433474E284C62C5002B43DC /* AppDelegate.swift */; };
		A4334751284C62C5002B43DC /* SceneDelegate.swift in Sources */ = {isa = PBXBuildFile; fileRef = A4334750284C62C5002B43DC /* SceneDelegate.swift */; };
		A4334753284C62C5002B43DC /* ViewController.swift in Sources */ = {isa = PBXBuildFile; fileRef = A4334752284C62C5002B43DC /* ViewController.swift */; };
		A4334756284C62C5002B43DC /* Main.storyboard in Resources */ = {isa = PBXBuildFile; fileRef = A4334754284C62C5002B43DC /* Main.storyboard */; };
		A4334758284C62C8002B43DC /* Assets.xcassets in Resources */ = {isa = PBXBuildFile; fileRef = A4334757284C62C8002B43DC /* Assets.xcassets */; };
		A433475B284C62C8002B43DC /* LaunchScreen.storyboard in Resources */ = {isa = PBXBuildFile; fileRef = A4334759284C62C8002B43DC /* LaunchScreen.storyboard */; };
		A4334766284C62C8002B43DC /* TTTTests.swift in Sources */ = {isa = PBXBuildFile; fileRef = A4334765284C62C8002B43DC /* TTTTests.swift */; };
		A4334770284C62C8002B43DC /* TTTUITests.swift in Sources */ = {isa = PBXBuildFile; fileRef = A433476F284C62C8002B43DC /* TTTUITests.swift */; };
		A4334772284C62C8002B43DC /* TTTUITestsLaunchTests.swift in Sources */ = {isa = PBXBuildFile; fileRef = A4334771284C62C8002B43DC /* TTTUITestsLaunchTests.swift */; };
/* End PBXBuildFile section */

/* Begin PBXContainerItemProxy section */
		A4334762284C62C8002B43DC /* PBXContainerItemProxy */ = {
			isa = PBXContainerItemProxy;
			containerPortal = A4334743284C62C5002B43DC /* Project object */;
			proxyType = 1;
			remoteGlobalIDString = A433474A284C62C5002B43DC;
			remoteInfo = TTT;
		};
		A433476C284C62C8002B43DC /* PBXContainerItemProxy */ = {
			isa = PBXContainerItemProxy;
			containerPortal = A4334743284C62C5002B43DC /* Project object */;
			proxyType = 1;
			remoteGlobalIDString = A433474A284C62C5002B43DC;
			remoteInfo = TTT;
		};
/* End PBXContainerItemProxy section */

/* Begin PBXFileReference section */
		A433474B284C62C5002B43DC /* TTT.app */ = {isa = PBXFileReference; explicitFileType = wrapper.application; includeInIndex = 0; path = TTT.app; sourceTree = BUILT_PRODUCTS_DIR; };
		A433474E284C62C5002B43DC /* AppDelegate.swift */ = {isa = PBXFileReference; lastKnownFileType = sourcecode.swift; path = AppDelegate.swift; sourceTree = "<group>"; };
		A4334750284C62C5002B43DC /* SceneDelegate.swift */ = {isa = PBXFileReference; lastKnownFileType = sourcecode.swift; path = SceneDelegate.swift; sourceTree = "<group>"; };
		A4334752284C62C5002B43DC /* ViewController.swift */ = {isa = PBXFileReference; lastKnownFileType = sourcecode.swift; path = ViewController.swift; sourceTree = "<group>"; };
		A4334755284C62C5002B43DC /* Base */ = {isa = PBXFileReference; lastKnownFileType = file.storyboard; name = Base; path = Base.lproj/Main.storyboard; sourceTree = "<group>"; };
		A4334757284C62C8002B43DC /* Assets.xcassets */ = {isa = PBXFileReference; lastKnownFileType = folder.assetcatalog; path = Assets.xcassets; sourceTree = "<group>"; };
		A433475A284C62C8002B43DC /* Base */ = {isa = PBXFileReference; lastKnownFileType = file.storyboard; name = Base; path = Base.lproj/LaunchScreen.storyboard; sourceTree = "<group>"; };
		A433475C284C62C8002B43DC /* Info.plist */ = {isa = PBXFileReference; lastKnownFileType = text.plist.xml; path = Info.plist; sourceTree = "<group>"; };
		A4334761284C62C8002B43DC /* TTTTests.xctest */ = {isa = PBXFileReference; explicitFileType = wrapper.cfbundle; includeInIndex = 0; path = TTTTests.xctest; sourceTree = BUILT_PRODUCTS_DIR; };
		A4334765284C62C8002B43DC /* TTTTests.swift */ = {isa = PBXFileReference; lastKnownFileType = sourcecode.swift; path = TTTTests.swift; sourceTree = "<group>"; };
		A433476B284C62C8002B43DC /* TTTUITests.xctest */ = {isa = PBXFileReference; explicitFileType = wrapper.cfbundle; includeInIndex = 0; path = TTTUITests.xctest; sourceTree = BUILT_PRODUCTS_DIR; };
		A433476F284C62C8002B43DC /* TTTUITests.swift */ = {isa = PBXFileReference; lastKnownFileType = sourcecode.swift; path = TTTUITests.swift; sourceTree = "<group>"; };
		A4334771284C62C8002B43DC /* TTTUITestsLaunchTests.swift */ = {isa = PBXFileReference; lastKnownFileType = sourcecode.swift; path = TTTUITestsLaunchTests.swift; sourceTree = "<group>"; };
/* End PBXFileReference section */

/* Begin PBXFrameworksBuildPhase section */
		A4334748284C62C5002B43DC /* Frameworks */ = {
			isa = PBXFrameworksBuildPhase;
			buildActionMask = 2147483647;
			files = (
			);
			runOnlyForDeploymentPostprocessing = 0;
		};
		A433475E284C62C8002B43DC /* Frameworks */ = {
			isa = PBXFrameworksBuildPhase;
			buildActionMask = 2147483647;
			files = (
			);
			runOnlyForDeploymentPostprocessing = 0;
		};
		A4334768284C62C8002B43DC /* Frameworks */ = {
			isa = PBXFrameworksBuildPhase;
			buildActionMask = 2147483647;
			files = (
			);
			runOnlyForDeploymentPostprocessing = 0;
		};
/* End PBXFrameworksBuildPhase section */

/* Begin PBXGroup section */
		A4334742284C62C5002B43DC = {
			isa = PBXGroup;
			children = (
				A433474D284C62C5002B43DC /* TTT */,
				A4334764284C62C8002B43DC /* TTTTests */,
				A433476E284C62C8002B43DC /* TTTUITests */,
				A433474C284C62C5002B43DC /* Products */,
			);
			sourceTree = "<group>";
		};
		A433474C284C62C5002B43DC /* Products */ = {
			isa = PBXGroup;
			children = (
				A433474B284C62C5002B43DC /* TTT.app */,
				A4334761284C62C8002B43DC /* TTTTests.xctest */,
				A433476B284C62C8002B43DC /* TTTUITests.xctest */,
			);
			name = Products;
			sourceTree = "<group>";
		};
		A433474D284C62C5002B43DC /* TTT */ = {
			isa = PBXGroup;
			children = (
				A433474E284C62C5002B43DC /* AppDelegate.swift */,
				A4334750284C62C5002B43DC /* SceneDelegate.swift */,
				A4334752284C62C5002B43DC /* ViewController.swift */,
				A4334754284C62C5002B43DC /* Main.storyboard */,
				A4334757284C62C8002B43DC /* Assets.xcassets */,
				A4334759284C62C8002B43DC /* LaunchScreen.storyboard */,
				A433475C284C62C8002B43DC /* Info.plist */,
			);
			path = TTT;
			sourceTree = "<group>";
		};
		A4334764284C62C8002B43DC /* TTTTests */ = {
			isa = PBXGroup;
			children = (
				A4334765284C62C8002B43DC /* TTTTests.swift */,
			);
			path = TTTTests;
			sourceTree = "<group>";
		};
		A433476E284C62C8002B43DC /* TTTUITests */ = {
			isa = PBXGroup;
			children = (
				A433476F284C62C8002B43DC /* TTTUITests.swift */,
				A4334771284C62C8002B43DC /* TTTUITestsLaunchTests.swift */,
			);
			path = TTTUITests;
			sourceTree = "<group>";
		};
/* End PBXGroup section */

/* Begin PBXNativeTarget section */
		A433474A284C62C5002B43DC /* TTT */ = {
			isa = PBXNativeTarget;
			buildConfigurationList = A4334775284C62C8002B43DC /* Build configuration list for PBXNativeTarget "TTT" */;
			buildPhases = (
				A4334747284C62C5002B43DC /* Sources */,
				A4334748284C62C5002B43DC /* Frameworks */,
				A4334749284C62C5002B43DC /* Resources */,
			);
			buildRules = (
			);
			dependencies = (
			);
			name = TTT;
			productName = TTT;
			productReference = A433474B284C62C5002B43DC /* TTT.app */;
			productType = "com.apple.product-type.application";
		};
		A4334760284C62C8002B43DC /* TTTTests */ = {
			isa = PBXNativeTarget;
			buildConfigurationList = A4334778284C62C8002B43DC /* Build configuration list for PBXNativeTarget "TTTTests" */;
			buildPhases = (
				A433475D284C62C8002B43DC /* Sources */,
				A433475E284C62C8002B43DC /* Frameworks */,
				A433475F284C62C8002B43DC /* Resources */,
			);
			buildRules = (
			);
			dependencies = (
				A4334763284C62C8002B43DC /* PBXTargetDependency */,
			);
			name = TTTTests;
			productName = TTTTests;
			productReference = A4334761284C62C8002B43DC /* TTTTests.xctest */;
			productType = "com.apple.product-type.bundle.unit-test";
		};
		A433476A284C62C8002B43DC /* TTTUITests */ = {
			isa = PBXNativeTarget;
			buildConfigurationList = A433477B284C62C8002B43DC /* Build configuration list for PBXNativeTarget "TTTUITests" */;
			buildPhases = (
				A4334767284C62C8002B43DC /* Sources */,
				A4334768284C62C8002B43DC /* Frameworks */,
				A4334769284C62C8002B43DC /* Resources */,
			);
			buildRules = (
			);
			dependencies = (
				A433476D284C62C8002B43DC /* PBXTargetDependency */,
			);
			name = TTTUITests;
			productName = TTTUITests;
			productReference = A433476B284C62C8002B43DC /* TTTUITests.xctest */;
			productType = "com.apple.product-type.bundle.ui-testing";
		};
/* End PBXNativeTarget section */

/* Begin PBXProject section */
		A4334743284C62C5002B43DC /* Project object */ = {
			isa = PBXProject;
			attributes = {
				BuildIndependentTargetsInParallel = 1;
				LastSwiftUpdateCheck = 1340;
				LastUpgradeCheck = 1340;
				TargetAttributes = {
					A433474A284C62C5002B43DC = {
						CreatedOnToolsVersion = 13.4;
					};
					A4334760284C62C8002B43DC = {
						CreatedOnToolsVersion = 13.4;
						TestTargetID = A433474A284C62C5002B43DC;
					};
					A433476A284C62C8002B43DC = {
						CreatedOnToolsVersion = 13.4;
						TestTargetID = A433474A284C62C5002B43DC;
					};
				};
			};
			buildConfigurationList = A4334746284C62C5002B43DC /* Build configuration list for PBXProject "TTT" */;
			compatibilityVersion = "Xcode 13.0";
			developmentRegion = en;
			hasScannedForEncodings = 0;
			knownRegions = (
				en,
				Base,
			);
			mainGroup = A4334742284C62C5002B43DC;
			productRefGroup = A433474C284C62C5002B43DC /* Products */;
			projectDirPath = "";
			projectRoot = "";
			targets = (
				A433474A284C62C5002B43DC /* TTT */,
				A4334760284C62C8002B43DC /* TTTTests */,
				A433476A284C62C8002B43DC /* TTTUITests */,
			);
		};
/* End PBXProject section */

/* Begin PBXResourcesBuildPhase section */
		A4334749284C62C5002B43DC /* Resources */ = {
			isa = PBXResourcesBuildPhase;
			buildActionMask = 2147483647;
			files = (
				A433475B284C62C8002B43DC /* LaunchScreen.storyboard in Resources */,
				A4334758284C62C8002B43DC /* Assets.xcassets in Resources */,
				A4334756284C62C5002B43DC /* Main.storyboard in Resources */,
			);
			runOnlyForDeploymentPostprocessing = 0;
		};
		A433475F284C62C8002B43DC /* Resources */ = {
			isa = PBXResourcesBuildPhase;
			buildActionMask = 2147483647;
			files = (
			);
			runOnlyForDeploymentPostprocessing = 0;
		};
		A4334769284C62C8002B43DC /* Resources */ = {
			isa = PBXResourcesBuildPhase;
			buildActionMask = 2147483647;
			files = (
			);
			runOnlyForDeploymentPostprocessing = 0;
		};
/* End PBXResourcesBuildPhase section */

/* Begin PBXSourcesBuildPhase section */
		A4334747284C62C5002B43DC /* Sources */ = {
			isa = PBXSourcesBuildPhase;
			buildActionMask = 2147483647;
			files = (
				A4334753284C62C5002B43DC /* ViewController.swift in Sources */,
				A433474F284C62C5002B43DC /* AppDelegate.swift in Sources */,
				A4334751284C62C5002B43DC /* SceneDelegate.swift in Sources */,
			);
			runOnlyForDeploymentPostprocessing = 0;
		};
		A433475D284C62C8002B43DC /* Sources */ = {
			isa = PBXSourcesBuildPhase;
			buildActionMask = 2147483647;
			files = (
				A4334766284C62C8002B43DC /* TTTTests.swift in Sources */,
			);
			runOnlyForDeploymentPostprocessing = 0;
		};
		A4334767284C62C8002B43DC /* Sources */ = {
			isa = PBXSourcesBuildPhase;
			buildActionMask = 2147483647;
			files = (
				A4334770284C62C8002B43DC /* TTTUITests.swift in Sources */,
				A4334772284C62C8002B43DC /* TTTUITestsLaunchTests.swift in Sources */,
			);
			runOnlyForDeploymentPostprocessing = 0;
		};
/* End PBXSourcesBuildPhase section */

/* Begin PBXTargetDependency section */
		A4334763284C62C8002B43DC /* PBXTargetDependency */ = {
			isa = PBXTargetDependency;
			target = A433474A284C62C5002B43DC /* TTT */;
			targetProxy = A4334762284C62C8002B43DC /* PBXContainerItemProxy */;
		};
		A433476D284C62C8002B43DC /* PBXTargetDependency */ = {
			isa = PBXTargetDependency;
			target = A433474A284C62C5002B43DC /* TTT */;
			targetProxy = A433476C284C62C8002B43DC /* PBXContainerItemProxy */;
		};
/* End PBXTargetDependency section */

/* Begin PBXVariantGroup section */
		A4334754284C62C5002B43DC /* Main.storyboard */ = {
			isa = PBXVariantGroup;
			children = (
				A4334755284C62C5002B43DC /* Base */,
			);
			name = Main.storyboard;
			sourceTree = "<group>";
		};
		A4334759284C62C8002B43DC /* LaunchScreen.storyboard */ = {
			isa = PBXVariantGroup;
			children = (
				A433475A284C62C8002B43DC /* Base */,
			);
			name = LaunchScreen.storyboard;
			sourceTree = "<group>";
		};
/* End PBXVariantGroup section */

/* Begin XCBuildConfiguration section */
		A4334773284C62C8002B43DC /* Debug */ = {
			isa = XCBuildConfiguration;
			buildSettings = {
				ALWAYS_SEARCH_USER_PATHS = NO;
				CLANG_ANALYZER_NONNULL = YES;
				CLANG_ANALYZER_NUMBER_OBJECT_CONVERSION = YES_AGGRESSIVE;
				CLANG_CXX_LANGUAGE_STANDARD = "gnu++17";
				CLANG_ENABLE_MODULES = YES;
				CLANG_ENABLE_OBJC_ARC = YES;
				CLANG_ENABLE_OBJC_WEAK = YES;
				CLANG_WARN_BLOCK_CAPTURE_AUTORELEASING = YES;
				CLANG_WARN_BOOL_CONVERSION = YES;
				CLANG_WARN_COMMA = YES;
				CLANG_WARN_CONSTANT_CONVERSION = YES;
				CLANG_WARN_DEPRECATED_OBJC_IMPLEMENTATIONS = YES;
				CLANG_WARN_DIRECT_OBJC_ISA_USAGE = YES_ERROR;
				CLANG_WARN_DOCUMENTATION_COMMENTS = YES;
				CLANG_WARN_EMPTY_BODY = YES;
				CLANG_WARN_ENUM_CONVERSION = YES;
				CLANG_WARN_INFINITE_RECURSION = YES;
				CLANG_WARN_INT_CONVERSION = YES;
				CLANG_WARN_NON_LITERAL_NULL_CONVERSION = YES;
				CLANG_WARN_OBJC_IMPLICIT_RETAIN_SELF = YES;
				CLANG_WARN_OBJC_LITERAL_CONVERSION = YES;
				CLANG_WARN_OBJC_ROOT_CLASS = YES_ERROR;
				CLANG_WARN_QUOTED_INCLUDE_IN_FRAMEWORK_HEADER = YES;
				CLANG_WARN_RANGE_LOOP_ANALYSIS = YES;
				CLANG_WARN_STRICT_PROTOTYPES = YES;
				CLANG_WARN_SUSPICIOUS_MOVE = YES;
				CLANG_WARN_UNGUARDED_AVAILABILITY = YES_AGGRESSIVE;
				CLANG_WARN_UNREACHABLE_CODE = YES;
				CLANG_WARN__DUPLICATE_METHOD_MATCH = YES;
				COPY_PHASE_STRIP = NO;
				DEBUG_INFORMATION_FORMAT = dwarf;
				ENABLE_STRICT_OBJC_MSGSEND = YES;
				ENABLE_TESTABILITY = YES;
				GCC_C_LANGUAGE_STANDARD = gnu11;
				GCC_DYNAMIC_NO_PIC = NO;
				GCC_NO_COMMON_BLOCKS = YES;
				GCC_OPTIMIZATION_LEVEL = 0;
				GCC_PREPROCESSOR_DEFINITIONS = (
					"DEBUG=1",
					"$(inherited)",
				);
				GCC_WARN_64_TO_32_BIT_CONVERSION = YES;
				GCC_WARN_ABOUT_RETURN_TYPE = YES_ERROR;
				GCC_WARN_UNDECLARED_SELECTOR = YES;
				GCC_WARN_UNINITIALIZED_AUTOS = YES_AGGRESSIVE;
				GCC_WARN_UNUSED_FUNCTION = YES;
				GCC_WARN_UNUSED_VARIABLE = YES;
				IPHONEOS_DEPLOYMENT_TARGET = 15.5;
				MTL_ENABLE_DEBUG_INFO = INCLUDE_SOURCE;
				MTL_FAST_MATH = YES;
				ONLY_ACTIVE_ARCH = YES;
				SDKROOT = iphoneos;
				SWIFT_ACTIVE_COMPILATION_CONDITIONS = DEBUG;
				SWIFT_OPTIMIZATION_LEVEL = "-Onone";
			};
			name = Debug;
		};
		A4334774284C62C8002B43DC /* Release */ = {
			isa = XCBuildConfiguration;
			buildSettings = {
				ALWAYS_SEARCH_USER_PATHS = NO;
				CLANG_ANALYZER_NONNULL = YES;
				CLANG_ANALYZER_NUMBER_OBJECT_CONVERSION = YES_AGGRESSIVE;
				CLANG_CXX_LANGUAGE_STANDARD = "gnu++17";
				CLANG_ENABLE_MODULES = YES;
				CLANG_ENABLE_OBJC_ARC = YES;
				CLANG_ENABLE_OBJC_WEAK = YES;
				CLANG_WARN_BLOCK_CAPTURE_AUTORELEASING = YES;
				CLANG_WARN_BOOL_CONVERSION = YES;
				CLANG_WARN_COMMA = YES;
				CLANG_WARN_CONSTANT_CONVERSION = YES;
				CLANG_WARN_DEPRECATED_OBJC_IMPLEMENTATIONS = YES;
				CLANG_WARN_DIRECT_OBJC_ISA_USAGE = YES_ERROR;
				CLANG_WARN_DOCUMENTATION_COMMENTS = YES;
				CLANG_WARN_EMPTY_BODY = YES;
				CLANG_WARN_ENUM_CONVERSION = YES;
				CLANG_WARN_INFINITE_RECURSION = YES;
				CLANG_WARN_INT_CONVERSION = YES;
				CLANG_WARN_NON_LITERAL_NULL_CONVERSION = YES;
				CLANG_WARN_OBJC_IMPLICIT_RETAIN_SELF = YES;
				CLANG_WARN_OBJC_LITERAL_CONVERSION = YES;
				CLANG_WARN_OBJC_ROOT_CLASS = YES_ERROR;
				CLANG_WARN_QUOTED_INCLUDE_IN_FRAMEWORK_HEADER = YES;
				CLANG_WARN_RANGE_LOOP_ANALYSIS = YES;
				CLANG_WARN_STRICT_PROTOTYPES = YES;
				CLANG_WARN_SUSPICIOUS_MOVE = YES;
				CLANG_WARN_UNGUARDED_AVAILABILITY = YES_AGGRESSIVE;
				CLANG_WARN_UNREACHABLE_CODE = YES;
				CLANG_WARN__DUPLICATE_METHOD_MATCH = YES;
				COPY_PHASE_STRIP = NO;
				DEBUG_INFORMATION_FORMAT = "dwarf-with-dsym";
				ENABLE_NS_ASSERTIONS = NO;
				ENABLE_STRICT_OBJC_MSGSEND = YES;
				GCC_C_LANGUAGE_STANDARD = gnu11;
				GCC_NO_COMMON_BLOCKS = YES;
				GCC_WARN_64_TO_32_BIT_CONVERSION = YES;
				GCC_WARN_ABOUT_RETURN_TYPE = YES_ERROR;
				GCC_WARN_UNDECLARED_SELECTOR = YES;
				GCC_WARN_UNINITIALIZED_AUTOS = YES_AGGRESSIVE;
				GCC_WARN_UNUSED_FUNCTION = YES;
				GCC_WARN_UNUSED_VARIABLE = YES;
				IPHONEOS_DEPLOYMENT_TARGET = 15.5;
				MTL_ENABLE_DEBUG_INFO = NO;
				MTL_FAST_MATH = YES;
				SDKROOT = iphoneos;
				SWIFT_COMPILATION_MODE = wholemodule;
				SWIFT_OPTIMIZATION_LEVEL = "-O";
				VALIDATE_PRODUCT = YES;
			};
			name = Release;
		};
		A4334776284C62C8002B43DC /* Debug */ = {
			isa = XCBuildConfiguration;
			buildSettings = {
				ASSETCATALOG_COMPILER_APPICON_NAME = AppIcon;
				ASSETCATALOG_COMPILER_GLOBAL_ACCENT_COLOR_NAME = AccentColor;
				CODE_SIGN_STYLE = Automatic;
				CURRENT_PROJECT_VERSION = 1;
				DEVELOPMENT_TEAM = GM6JZ3P6VD;
				GENERATE_INFOPLIST_FILE = YES;
				INFOPLIST_FILE = TTT/Info.plist;
				INFOPLIST_KEY_UIApplicationSupportsIndirectInputEvents = YES;
				INFOPLIST_KEY_UILaunchStoryboardName = LaunchScreen;
				INFOPLIST_KEY_UIMainStoryboardFile = Main;
				INFOPLIST_KEY_UISupportedInterfaceOrientations_iPad = "UIInterfaceOrientationPortrait UIInterfaceOrientationPortraitUpsideDown UIInterfaceOrientationLandscapeLeft UIInterfaceOrientationLandscapeRight";
				INFOPLIST_KEY_UISupportedInterfaceOrientations_iPhone = "UIInterfaceOrientationPortrait UIInterfaceOrientationLandscapeLeft UIInterfaceOrientationLandscapeRight";
				LD_RUNPATH_SEARCH_PATHS = (
					"$(inherited)",
					"@executable_path/Frameworks",
				);
				MARKETING_VERSION = 1.0;
				PRODUCT_BUNDLE_IDENTIFIER = com.yutaudemy.TTT;
				PRODUCT_NAME = "$(TARGET_NAME)";
				SWIFT_EMIT_LOC_STRINGS = YES;
				SWIFT_VERSION = 5.0;
				TARGETED_DEVICE_FAMILY = "1,2";
			};
			name = Debug;
		};
		A4334777284C62C8002B43DC /* Release */ = {
			isa = XCBuildConfiguration;
			buildSettings = {
				ASSETCATALOG_COMPILER_APPICON_NAME = AppIcon;
				ASSETCATALOG_COMPILER_GLOBAL_ACCENT_COLOR_NAME = AccentColor;
				CODE_SIGN_STYLE = Automatic;
				CURRENT_PROJECT_VERSION = 1;
				DEVELOPMENT_TEAM = GM6JZ3P6VD;
				GENERATE_INFOPLIST_FILE = YES;
				INFOPLIST_FILE = TTT/Info.plist;
				INFOPLIST_KEY_UIApplicationSupportsIndirectInputEvents = YES;
				INFOPLIST_KEY_UILaunchStoryboardName = LaunchScreen;
				INFOPLIST_KEY_UIMainStoryboardFile = Main;
				INFOPLIST_KEY_UISupportedInterfaceOrientations_iPad = "UIInterfaceOrientationPortrait UIInterfaceOrientationPortraitUpsideDown UIInterfaceOrientationLandscapeLeft UIInterfaceOrientationLandscapeRight";
				INFOPLIST_KEY_UISupportedInterfaceOrientations_iPhone = "UIInterfaceOrientationPortrait UIInterfaceOrientationLandscapeLeft UIInterfaceOrientationLandscapeRight";
				LD_RUNPATH_SEARCH_PATHS = (
					"$(inherited)",
					"@executable_path/Frameworks",
				);
				MARKETING_VERSION = 1.0;
				PRODUCT_BUNDLE_IDENTIFIER = com.yutaudemy.TTT;
				PRODUCT_NAME = "$(TARGET_NAME)";
				SWIFT_EMIT_LOC_STRINGS = YES;
				SWIFT_VERSION = 5.0;
				TARGETED_DEVICE_FAMILY = "1,2";
			};
			name = Release;
		};
		A4334779284C62C8002B43DC /* Debug */ = {
			isa = XCBuildConfiguration;
			buildSettings = {
				ALWAYS_EMBED_SWIFT_STANDARD_LIBRARIES = YES;
				BUNDLE_LOADER = "$(TEST_HOST)";
				CODE_SIGN_STYLE = Automatic;
				CURRENT_PROJECT_VERSION = 1;
				DEVELOPMENT_TEAM = GM6JZ3P6VD;
				GENERATE_INFOPLIST_FILE = YES;
				IPHONEOS_DEPLOYMENT_TARGET = 15.5;
				MARKETING_VERSION = 1.0;
				PRODUCT_BUNDLE_IDENTIFIER = com.yutaudemy.TTTTests;
				PRODUCT_NAME = "$(TARGET_NAME)";
				SWIFT_EMIT_LOC_STRINGS = NO;
				SWIFT_VERSION = 5.0;
				TARGETED_DEVICE_FAMILY = "1,2";
				TEST_HOST = "$(BUILT_PRODUCTS_DIR)/TTT.app/TTT";
			};
			name = Debug;
		};
		A433477A284C62C8002B43DC /* Release */ = {
			isa = XCBuildConfiguration;
			buildSettings = {
				ALWAYS_EMBED_SWIFT_STANDARD_LIBRARIES = YES;
				BUNDLE_LOADER = "$(TEST_HOST)";
				CODE_SIGN_STYLE = Automatic;
				CURRENT_PROJECT_VERSION = 1;
				DEVELOPMENT_TEAM = GM6JZ3P6VD;
				GENERATE_INFOPLIST_FILE = YES;
				IPHONEOS_DEPLOYMENT_TARGET = 15.5;
				MARKETING_VERSION = 1.0;
				PRODUCT_BUNDLE_IDENTIFIER = com.yutaudemy.TTTTests;
				PRODUCT_NAME = "$(TARGET_NAME)";
				SWIFT_EMIT_LOC_STRINGS = NO;
				SWIFT_VERSION = 5.0;
				TARGETED_DEVICE_FAMILY = "1,2";
				TEST_HOST = "$(BUILT_PRODUCTS_DIR)/TTT.app/TTT";
			};
			name = Release;
		};
		A433477C284C62C8002B43DC /* Debug */ = {
			isa = XCBuildConfiguration;
			buildSettings = {
				ALWAYS_EMBED_SWIFT_STANDARD_LIBRARIES = YES;
				CODE_SIGN_STYLE = Automatic;
				CURRENT_PROJECT_VERSION = 1;
				DEVELOPMENT_TEAM = GM6JZ3P6VD;
				GENERATE_INFOPLIST_FILE = YES;
				MARKETING_VERSION = 1.0;
				PRODUCT_BUNDLE_IDENTIFIER = com.yutaudemy.TTTUITests;
				PRODUCT_NAME = "$(TARGET_NAME)";
				SWIFT_EMIT_LOC_STRINGS = NO;
				SWIFT_VERSION = 5.0;
				TARGETED_DEVICE_FAMILY = "1,2";
				TEST_TARGET_NAME = TTT;
			};
			name = Debug;
		};
		A433477D284C62C8002B43DC /* Release */ = {
			isa = XCBuildConfiguration;
			buildSettings = {
				ALWAYS_EMBED_SWIFT_STANDARD_LIBRARIES = YES;
				CODE_SIGN_STYLE = Automatic;
				CURRENT_PROJECT_VERSION = 1;
				DEVELOPMENT_TEAM = GM6JZ3P6VD;
				GENERATE_INFOPLIST_FILE = YES;
				MARKETING_VERSION = 1.0;
				PRODUCT_BUNDLE_IDENTIFIER = com.yutaudemy.TTTUITests;
				PRODUCT_NAME = "$(TARGET_NAME)";
				SWIFT_EMIT_LOC_STRINGS = NO;
				SWIFT_VERSION = 5.0;
				TARGETED_DEVICE_FAMILY = "1,2";
				TEST_TARGET_NAME = TTT;
			};
			name = Release;
		};
/* End XCBuildConfiguration section */

/* Begin XCConfigurationList section */
		A4334746284C62C5002B43DC /* Build configuration list for PBXProject "TTT" */ = {
			isa = XCConfigurationList;
			buildConfigurations = (
				A4334773284C62C8002B43DC /* Debug */,
				A4334774284C62C8002B43DC /* Release */,
			);
			defaultConfigurationIsVisible = 0;
			defaultConfigurationName = Release;
		};
		A4334775284C62C8002B43DC /* Build configuration list for PBXNativeTarget "TTT" */ = {
			isa = XCConfigurationList;
			buildConfigurations = (
				A4334776284C62C8002B43DC /* Debug */,
				A4334777284C62C8002B43DC /* Release */,
			);
			defaultConfigurationIsVisible = 0;
			defaultConfigurationName = Release;
		};
		A4334778284C62C8002B43DC /* Build configuration list for PBXNativeTarget "TTTTests" */ = {
			isa = XCConfigurationList;
			buildConfigurations = (
				A4334779284C62C8002B43DC /* Debug */,
				A433477A284C62C8002B43DC /* Release */,
			);
			defaultConfigurationIsVisible = 0;
			defaultConfigurationName = Release;
		};
		A433477B284C62C8002B43DC /* Build configuration list for PBXNativeTarget "TTTUITests" */ = {
			isa = XCConfigurationList;
			buildConfigurations = (
				A433477C284C62C8002B43DC /* Debug */,
				A433477D284C62C8002B43DC /* Release */,
			);
			defaultConfigurationIsVisible = 0;
			defaultConfigurationName = Release;
		};
/* End XCConfigurationList section */
	};
	rootObject = A4334743284C62C5002B43DC /* Project object */;
}
